<?xml version="1.0" encoding="utf-8"?>
<Project ToolsVersion="4.0" xmlns="http://schemas.microsoft.com/developer/msbuild/2003">
  <ItemGroup>

  </ItemGroup>
  <ItemGroup>
    <ClCompile Include="src\Common\MathUtil.cpp">
      <Filter></Filter>
    </ClCompile>
    <ClCompile Include="src\Common\StringUtil.cpp">
      <Filter></Filter>
    </ClCompile>
    <ClCompile Include="src\Common\Types.cpp">
      <Filter></Filter>
    </ClCompile>
    <ClCompile Include="src\Core\Application.cpp">
      <Filter></Filter>
    </ClCompile>
    <ClCompile Include="src\Core\Camera.cpp">
      <Filter></Filter>
    </ClCompile>
    <ClCompile Include="src\Core\FontManager.cpp">
      <Filter></Filter>
    </ClCompile>
    <ClCompile Include="src\Core\GameConfig.cpp">
      <Filter></Filter>
    </ClCompile>
    <ClCompile Include="src\Core\Input.cpp">
      <Filter></Filter>
    </ClCompile>
    <ClCompile Include="src\Core\ResourceManager.cpp">
      <Filter></Filter>
    </ClCompile>
    <ClCompile Include="src\Core\SceneManager.cpp">
      <Filter></Filter>
    </ClCompile>
    <ClCompile Include="src\Game\Ability.cpp">
      <Filter></Filter>
    </ClCompile>
    <ClCompile Include="src\Game\Actor.cpp">
      <Filter></Filter>
    </ClCompile>
    <ClCompile Include="src\Game\ActorAssets.cpp">
      <Filter></Filter>
    </ClCompile>
    <ClCompile Include="src\Game\Boss.cpp">
      <Filter></Filter>
    </ClCompile>
    <ClCompile Include="src\Game\Combat.cpp">
      <Filter></Filter>
    </ClCompile>
    <ClCompile Include="src\Game\Enemy.cpp">
      <Filter></Filter>
    </ClCompile>
    <ClCompile Include="src\Game\EnemyDatabase.cpp">
      <Filter></Filter>
    </ClCompile>
    <ClCompile Include="src\Game\Equipment.cpp">
      <Filter></Filter>
    </ClCompile>
    <ClCompile Include="src\Game\GameContext.cpp">
      <Filter></Filter>
    </ClCompile>
    <ClCompile Include="src\Game\Inventory.cpp">
      <Filter></Filter>
    </ClCompile>
    <ClCompile Include="src\Game\ItemDatabase.cpp">
      <Filter></Filter>
    </ClCompile>
    <ClCompile Include="src\Game\Player.cpp">
      <Filter></Filter>
    </ClCompile>
    <ClCompile Include="src\Game\PlayerData.cpp">
      <Filter></Filter>
    </ClCompile>
    <ClCompile Include="src\Game\QuestDatabase.cpp">
      <Filter></Filter>
    </ClCompile>
    <ClCompile Include="src\Game\SaveData.cpp">
      <Filter></Filter>
    </ClCompile>
    <ClCompile Include="src\Game\Stage.cpp">
      <Filter></Filter>
    </ClCompile>
    <ClCompile Include="src\Game\Stats.cpp">
      <Filter></Filter>
    </ClCompile>
    <ClCompile Include="src\Game\SwordSkill.cpp">
      <Filter></Filter>
    </ClCompile>
    <ClCompile Include="src\Game\UniqueSkill.cpp">
      <Filter></Filter>
    </ClCompile>
    <ClCompile Include="src\Graphics\Animation.cpp">
      <Filter></Filter>
    </ClCompile>
    <ClCompile Include="src\Graphics\CharacterArt.cpp">
      <Filter></Filter>
    </ClCompile>
    <ClCompile Include="src\Graphics\DrawUtil.cpp">
      <Filter></Filter>
    </ClCompile>
    <ClCompile Include="src\Scenes\HomeScene.cpp">
      <Filter></Filter>
    </ClCompile>
    <ClCompile Include="src\Scenes\QuestScene.cpp">
      <Filter></Filter>
    </ClCompile>
    <ClCompile Include="src\Scenes\ResultScene.cpp">
      <Filter></Filter>
    </ClCompile>
    <ClCompile Include="src\Scenes\TitleScene.cpp">
      <Filter></Filter>
    </ClCompile>
    <ClCompile Include="src\UI\BattleHud.cpp">
      <Filter></Filter>
    </ClCompile>
    <ClCompile Include="src\UI\BattleMenu.cpp">
      <Filter></Filter>
    </ClCompile>
    <ClCompile Include="src\UI\EquipPanel.cpp">
      <Filter></Filter>
    </ClCompile>
    <ClCompile Include="src\UI\NamePanel.cpp">
      <Filter></Filter>
    </ClCompile>
    <ClCompile Include="src\UI\PlayerPanel.cpp">
      <Filter></Filter>
    </ClCompile>
    <ClCompile Include="src\UI\QuestPanel.cpp">
      <Filter></Filter>
    </ClCompile>
    <ClCompile Include="src\UI\SettingsPanel.cpp">
      <Filter></Filter>
    </ClCompile>
    <ClCompile Include="src\UI\SkillPanel.cpp">
      <Filter></Filter>
    </ClCompile>
    <ClCompile Include="src\UI\SmithPanel.cpp">
      <Filter></Filter>
    </ClCompile>
    <ClCompile Include="src\UI\StatusPanel.cpp">
      <Filter></Filter>
    </ClCompile>
    <ClCompile Include="src\UI\UIWidgets.cpp">
      <Filter></Filter>
    </ClCompile>
    <ClCompile Include="src\main.cpp">
      <Filter></Filter>
    </ClCompile>
  </ItemGroup>
  <ItemGroup>
    <ClInclude Include="src\Common\MathUtil.h">
      <Filter></Filter>
    </ClInclude>
    <ClInclude Include="src\Common\StringUtil.h">
      <Filter></Filter>
    </ClInclude>
    <ClInclude Include="src\Common\Types.h">
      <Filter></Filter>
    </ClInclude>
    <ClInclude Include="src\Core\Application.h">
      <Filter></Filter>
    </ClInclude>
    <ClInclude Include="src\Core\Camera.h">
      <Filter></Filter>
    </ClInclude>
    <ClInclude Include="src\Core\DxInclude.h">
      <Filter></Filter>
    </ClInclude>
    <ClInclude Include="src\Core\FontManager.h">
      <Filter></Filter>
    </ClInclude>
    <ClInclude Include="src\Core\GameConfig.h">
      <Filter></Filter>
    </ClInclude>
    <ClInclude Include="src\Core\Input.h">
      <Filter></Filter>
    </ClInclude>
    <ClInclude Include="src\Core\ResourceManager.h">
      <Filter></Filter>
    </ClInclude>
    <ClInclude Include="src\Core\Scene.h">
      <Filter></Filter>
    </ClInclude>
    <ClInclude Include="src\Core\SceneManager.h">
      <Filter></Filter>
    </ClInclude>
    <ClInclude Include="src\Game\Ability.h">
      <Filter></Filter>
    </ClInclude>
    <ClInclude Include="src\Game\Actor.h">
      <Filter></Filter>
    </ClInclude>
    <ClInclude Include="src\Game\ActorAssets.h">
      <Filter></Filter>
    </ClInclude>
    <ClInclude Include="src\Game\Boss.h">
      <Filter></Filter>
    </ClInclude>
    <ClInclude Include="src\Game\Combat.h">
      <Filter></Filter>
    </ClInclude>
    <ClInclude Include="src\Game\Enemy.h">
      <Filter></Filter>
    </ClInclude>
    <ClInclude Include="src\Game\EnemyDatabase.h">
      <Filter></Filter>
    </ClInclude>
    <ClInclude Include="src\Game\Equipment.h">
      <Filter></Filter>
    </ClInclude>
    <ClInclude Include="src\Game\GameContext.h">
      <Filter></Filter>
    </ClInclude>
    <ClInclude Include="src\Game\Inventory.h">
      <Filter></Filter>
    </ClInclude>
    <ClInclude Include="src\Game\ItemDatabase.h">
      <Filter></Filter>
    </ClInclude>
    <ClInclude Include="src\Game\Player.h">
      <Filter></Filter>
    </ClInclude>
    <ClInclude Include="src\Game\PlayerData.h">
      <Filter></Filter>
    </ClInclude>
    <ClInclude Include="src\Game\QuestDatabase.h">
      <Filter></Filter>
    </ClInclude>
    <ClInclude Include="src\Game\SaveData.h">
      <Filter></Filter>
    </ClInclude>
    <ClInclude Include="src\Game\Stage.h">
      <Filter></Filter>
    </ClInclude>
    <ClInclude Include="src\Game\Stats.h">
      <Filter></Filter>
    </ClInclude>
    <ClInclude Include="src\Game\SwordSkill.h">
      <Filter></Filter>
    </ClInclude>
    <ClInclude Include="src\Game\UniqueSkill.h">
      <Filter></Filter>
    </ClInclude>
    <ClInclude Include="src\Game\WeaponType.h">
      <Filter></Filter>
    </ClInclude>
    <ClInclude Include="src\Graphics\Animation.h">
      <Filter></Filter>
    </ClInclude>
    <ClInclude Include="src\Graphics\CharacterArt.h">
      <Filter></Filter>
    </ClInclude>
    <ClInclude Include="src\Graphics\DrawUtil.h">
      <Filter></Filter>
    </ClInclude>
    <ClInclude Include="src\Scenes\HomeScene.h">
      <Filter></Filter>
    </ClInclude>
    <ClInclude Include="src\Scenes\QuestScene.h">
      <Filter></Filter>
    </ClInclude>
    <ClInclude Include="src\Scenes\ResultScene.h">
      <Filter></Filter>
    </ClInclude>
    <ClInclude Include="src\Scenes\TitleScene.h">
      <Filter></Filter>
    </ClInclude>
    <ClInclude Include="src\UI\BattleHud.h">
      <Filter></Filter>
    </ClInclude>
    <ClInclude Include="src\UI\BattleMenu.h">
      <Filter></Filter>
    </ClInclude>
    <ClInclude Include="src\UI\EquipPanel.h">
      <Filter></Filter>
    </ClInclude>
    <ClInclude Include="src\UI\NamePanel.h">
      <Filter></Filter>
    </ClInclude>
    <ClInclude Include="src\UI\PlayerPanel.h">
      <Filter></Filter>
    </ClInclude>
    <ClInclude Include="src\UI\QuestPanel.h">
      <Filter></Filter>
    </ClInclude>
    <ClInclude Include="src\UI\SettingsPanel.h">
      <Filter></Filter>
    </ClInclude>
    <ClInclude Include="src\UI\SkillPanel.h">
      <Filter></Filter>
    </ClInclude>
    <ClInclude Include="src\UI\SmithPanel.h">
      <Filter></Filter>
    </ClInclude>
    <ClInclude Include="src\UI\StatusPanel.h">
      <Filter></Filter>
    </ClInclude>
    <ClInclude Include="src\UI\UIWidgets.h">
      <Filter></Filter>
    </ClInclude>
  </ItemGroup>
</Project>
